// !$*UTF8*$!
{
	archiveVersion = 1;
	classes = {
	};
	objectVersion = 46;
	objects = {

/* Begin PBXBuildFile section */
		9B31B5A11F72A0C60049103A /* play.png in Resources */ = {isa = PBXBuildFile; fileRef = 9B31B5A01F72A0C60049103A /* play.png */; };
		9B643E191F6978EA00E2E2BF /* AppDelegate.swift in Sources */ = {isa = PBXBuildFile; fileRef = 9B643E181F6978EA00E2E2BF /* AppDelegate.swift */; };
		9B643E201F6978EA00E2E2BF /* Assets.xcassets in Resources */ = {isa = PBXBuildFile; fileRef = 9B643E1F1F6978EA00E2E2BF /* Assets.xcassets */; };
		9B643E231F6978EA00E2E2BF /* LaunchScreen.storyboard in Resources */ = {isa = PBXBuildFile; fileRef = 9B643E211F6978EA00E2E2BF /* LaunchScreen.storyboard */; };
		9B643E9D1F6C1D6600E2E2BF /* cat.png in Resources */ = {isa = PBXBuildFile; fileRef = 9B643E9C1F6C1D6600E2E2BF /* cat.png */; };
		9B643EBD1F6C219100E2E2BF /* rabbit.png in Resources */ = {isa = PBXBuildFile; fileRef = 9B643EBC1F6C219100E2E2BF /* rabbit.png */; };
		9B643EC41F6D672700E2E2BF /* back.png in Resources */ = {isa = PBXBuildFile; fileRef = 9B643EC31F6D672700E2E2BF /* back.png */; };
		9B643EC61F6D77B400E2E2BF /* back_2.png in Resources */ = {isa = PBXBuildFile; fileRef = 9B643EC51F6D77B400E2E2BF /* back_2.png */; };
		9B643EC81F6D814E00E2E2BF /* LevelTwoViewController.swift in Sources */ = {isa = PBXBuildFile; fileRef = 9B643EC71F6D814E00E2E2BF /* LevelTwoViewController.swift */; };
		9B643ECE1F6D92E100E2E2BF /* giraffe.png in Resources */ = {isa = PBXBuildFile; fileRef = 9B643EC91F6D92E100E2E2BF /* giraffe.png */; };
		9B643ECF1F6D92E100E2E2BF /* hippo.png in Resources */ = {isa = PBXBuildFile; fileRef = 9B643ECA1F6D92E100E2E2BF /* hippo.png */; };
		9B643ED01F6D92E100E2E2BF /* leopard.png in Resources */ = {isa = PBXBuildFile; fileRef = 9B643ECB1F6D92E100E2E2BF /* leopard.png */; };
		9B643ED11F6D92E100E2E2BF /* monkey.png in Resources */ = {isa = PBXBuildFile; fileRef = 9B643ECC1F6D92E100E2E2BF /* monkey.png */; };
		9B643ED21F6D92E100E2E2BF /* turtle.png in Resources */ = {isa = PBXBuildFile; fileRef = 9B643ECD1F6D92E100E2E2BF /* turtle.png */; };
		9B643ED71F6D96D500E2E2BF /* back_3.png in Resources */ = {isa = PBXBuildFile; fileRef = 9B643ED31F6D96D500E2E2BF /* back_3.png */; };
		9B643ED81F6D96D500E2E2BF /* cow.png in Resources */ = {isa = PBXBuildFile; fileRef = 9B643ED41F6D96D500E2E2BF /* cow.png */; };
		9B643ED91F6D96D500E2E2BF /* mouse.png in Resources */ = {isa = PBXBuildFile; fileRef = 9B643ED51F6D96D500E2E2BF /* mouse.png */; };
		9B643EDA1F6D96D500E2E2BF /* pig.png in Resources */ = {isa = PBXBuildFile; fileRef = 9B643ED61F6D96D500E2E2BF /* pig.png */; };
		9B643EDC1F6D990300E2E2BF /* LevelThreeViewController.swift in Sources */ = {isa = PBXBuildFile; fileRef = 9B643EDB1F6D990300E2E2BF /* LevelThreeViewController.swift */; };
		9B643EDE1F6D9AEA00E2E2BF /* bee.png in Resources */ = {isa = PBXBuildFile; fileRef = 9B643EDD1F6D9AEA00E2E2BF /* bee.png */; };
		9B643EE01F6D9B6500E2E2BF /* squirrel.png in Resources */ = {isa = PBXBuildFile; fileRef = 9B643EDF1F6D9B6500E2E2BF /* squirrel.png */; };
		9B643EE21F6D9E5500E2E2BF /* LevelOneViewController.swift in Sources */ = {isa = PBXBuildFile; fileRef = 9B643EE11F6D9E5500E2E2BF /* LevelOneViewController.swift */; };
		9B643EE61F6DA80000E2E2BF /* MainViewController.swift in Sources */ = {isa = PBXBuildFile; fileRef = 9B643EE51F6DA80000E2E2BF /* MainViewController.swift */; };
		9B643EE91F6DAD1200E2E2BF /* Main.storyboard in Resources */ = {isa = PBXBuildFile; fileRef = 9B643EE71F6DAD1200E2E2BF /* Main.storyboard */; };
		9B643EEC1F6DB60E00E2E2BF /* balloon.png in Resources */ = {isa = PBXBuildFile; fileRef = 9B643EEA1F6DB60E00E2E2BF /* balloon.png */; };
		9B643EED1F6DB60E00E2E2BF /* firework.png in Resources */ = {isa = PBXBuildFile; fileRef = 9B643EEB1F6DB60E00E2E2BF /* firework.png */; };
		9B8D5EDD1F70484C0051ABC4 /* dog.png in Resources */ = {isa = PBXBuildFile; fileRef = 9B8D5EDC1F70484C0051ABC4 /* dog.png */; };
/* End PBXBuildFile section */

/* Begin PBXFileReference section */
		9B31B5A01F72A0C60049103A /* play.png */ = {isa = PBXFileReference; lastKnownFileType = image.png; name = play.png; path = Assets.xcassets/assets/play.png; sourceTree = "<group>"; };
		9B643E151F6978EA00E2E2BF /* jeu_memoire.app */ = {isa = PBXFileReference; explicitFileType = wrapper.application; includeInIndex = 0; path = jeu_memoire.app; sourceTree = BUILT_PRODUCTS_DIR; };
		9B643E181F6978EA00E2E2BF /* AppDelegate.swift */ = {isa = PBXFileReference; lastKnownFileType = sourcecode.swift; path = AppDelegate.swift; sourceTree = "<group>"; };
		9B643E1F1F6978EA00E2E2BF /* Assets.xcassets */ = {isa = PBXFileReference; lastKnownFileType = folder.assetcatalog; path = Assets.xcassets; sourceTree = "<group>"; };
		9B643E221F6978EA00E2E2BF /* Base */ = {isa = PBXFileReference; lastKnownFileType = file.storyboard; name = Base; path = Base.lproj/LaunchScreen.storyboard; sourceTree = "<group>"; };
		9B643E241F6978EA00E2E2BF /* Info.plist */ = {isa = PBXFileReference; lastKnownFileType = text.plist.xml; path = Info.plist; sourceTree = "<group>"; };
		9B643E9C1F6C1D6600E2E2BF /* cat.png */ = {isa = PBXFileReference; lastKnownFileType = image.png; name = cat.png; path = Assets.xcassets/assets/cat.png; sourceTree = "<group>"; };
		9B643EBC1F6C219100E2E2BF /* rabbit.png */ = {isa = PBXFileReference; lastKnownFileType = image.png; name = rabbit.png; path = Assets.xcassets/assets/rabbit.png; sourceTree = "<group>"; };
		9B643EC31F6D672700E2E2BF /* back.png */ = {isa = PBXFileReference; lastKnownFileType = image.png; name = back.png; path = Assets.xcassets/assets/back.png; sourceTree = "<group>"; };
		9B643EC51F6D77B400E2E2BF /* back_2.png */ = {isa = PBXFileReference; lastKnownFileType = image.png; name = back_2.png; path = Assets.xcassets/assets/back_2.png; sourceTree = "<group>"; };
		9B643EC71F6D814E00E2E2BF /* LevelTwoViewController.swift */ = {isa = PBXFileReference; fileEncoding = 4; lastKnownFileType = sourcecode.swift; path = LevelTwoViewController.swift; sourceTree = "<group>"; };
		9B643EC91F6D92E100E2E2BF /* giraffe.png */ = {isa = PBXFileReference; lastKnownFileType = image.png; name = giraffe.png; path = Assets.xcassets/assets/giraffe.png; sourceTree = "<group>"; };
		9B643ECA1F6D92E100E2E2BF /* hippo.png */ = {isa = PBXFileReference; lastKnownFileType = image.png; name = hippo.png; path = Assets.xcassets/assets/hippo.png; sourceTree = "<group>"; };
		9B643ECB1F6D92E100E2E2BF /* leopard.png */ = {isa = PBXFileReference; lastKnownFileType = image.png; name = leopard.png; path = Assets.xcassets/assets/leopard.png; sourceTree = "<group>"; };
		9B643ECC1F6D92E100E2E2BF /* monkey.png */ = {isa = PBXFileReference; lastKnownFileType = image.png; name = monkey.png; path = Assets.xcassets/assets/monkey.png; sourceTree = "<group>"; };
		9B643ECD1F6D92E100E2E2BF /* turtle.png */ = {isa = PBXFileReference; lastKnownFileType = image.png; name = turtle.png; path = Assets.xcassets/assets/turtle.png; sourceTree = "<group>"; };
		9B643ED31F6D96D500E2E2BF /* back_3.png */ = {isa = PBXFileReference; lastKnownFileType = image.png; name = back_3.png; path = Assets.xcassets/assets/back_3.png; sourceTree = "<group>"; };
		9B643ED41F6D96D500E2E2BF /* cow.png */ = {isa = PBXFileReference; lastKnownFileType = image.png; name = cow.png; path = Assets.xcassets/assets/cow.png; sourceTree = "<group>"; };
		9B643ED51F6D96D500E2E2BF /* mouse.png */ = {isa = PBXFileReference; lastKnownFileType = image.png; name = mouse.png; path = Assets.xcassets/assets/mouse.png; sourceTree = "<group>"; };
		9B643ED61F6D96D500E2E2BF /* pig.png */ = {isa = PBXFileReference; lastKnownFileType = image.png; name = pig.png; path = Assets.xcassets/assets/pig.png; sourceTree = "<group>"; };
		9B643EDB1F6D990300E2E2BF /* LevelThreeViewController.swift */ = {isa = PBXFileReference; fileEncoding = 4; lastKnownFileType = sourcecode.swift; path = LevelThreeViewController.swift; sourceTree = "<group>"; };
		9B643EDD1F6D9AEA00E2E2BF /* bee.png */ = {isa = PBXFileReference; lastKnownFileType = image.png; name = bee.png; path = Assets.xcassets/assets/bee.png; sourceTree = "<group>"; };
		9B643EDF1F6D9B6500E2E2BF /* squirrel.png */ = {isa = PBXFileReference; lastKnownFileType = image.png; name = squirrel.png; path = Assets.xcassets/assets/squirrel.png; sourceTree = "<group>"; };
		9B643EE11F6D9E5500E2E2BF /* LevelOneViewController.swift */ = {isa = PBXFileReference; fileEncoding = 4; lastKnownFileType = sourcecode.swift; path = LevelOneViewController.swift; sourceTree = "<group>"; };
		9B643EE51F6DA80000E2E2BF /* MainViewController.swift */ = {isa = PBXFileReference; fileEncoding = 4; lastKnownFileType = sourcecode.swift; path = MainViewController.swift; sourceTree = "<group>"; };
		9B643EE81F6DAD1200E2E2BF /* Base */ = {isa = PBXFileReference; lastKnownFileType = file.storyboard; name = Base; path = Base.lproj/Main.storyboard; sourceTree = "<group>"; };
		9B643EEA1F6DB60E00E2E2BF /* balloon.png */ = {isa = PBXFileReference; lastKnownFileType = image.png; name = balloon.png; path = Assets.xcassets/assets/balloon.png; sourceTree = "<group>"; };
		9B643EEB1F6DB60E00E2E2BF /* firework.png */ = {isa = PBXFileReference; lastKnownFileType = image.png; name = firework.png; path = Assets.xcassets/assets/firework.png; sourceTree = "<group>"; };
		9B8D5EDC1F70484C0051ABC4 /* dog.png */ = {isa = PBXFileReference; lastKnownFileType = image.png; name = dog.png; path = Assets.xcassets/assets/dog.png; sourceTree = "<group>"; };
/* End PBXFileReference section */

/* Begin PBXFrameworksBuildPhase section */
		9B643E121F6978E900E2E2BF /* Frameworks */ = {
			isa = PBXFrameworksBuildPhase;
			buildActionMask = 2147483647;
			files = (
			);
			runOnlyForDeploymentPostprocessing = 0;
		};
/* End PBXFrameworksBuildPhase section */

/* Begin PBXGroup section */
		9B643E0C1F6978E900E2E2BF = {
			isa = PBXGroup;
			children = (
				9B643E171F6978EA00E2E2BF /* jeu_memoire */,
				9B643E161F6978EA00E2E2BF /* Products */,
			);
			sourceTree = "<group>";
		};
		9B643E161F6978EA00E2E2BF /* Products */ = {
			isa = PBXGroup;
			children = (
				9B643E151F6978EA00E2E2BF /* jeu_memoire.app */,
			);
			name = Products;
			sourceTree = "<group>";
		};
		9B643E171F6978EA00E2E2BF /* jeu_memoire */ = {
			isa = PBXGroup;
			children = (
				9B31B5A01F72A0C60049103A /* play.png */,
				9B643EE71F6DAD1200E2E2BF /* Main.storyboard */,
				9B643E181F6978EA00E2E2BF /* AppDelegate.swift */,
				9B643E1F1F6978EA00E2E2BF /* Assets.xcassets */,
				9B8D5EDC1F70484C0051ABC4 /* dog.png */,
				9B643EEA1F6DB60E00E2E2BF /* balloon.png */,
				9B643EEB1F6DB60E00E2E2BF /* firework.png */,
				9B643EDF1F6D9B6500E2E2BF /* squirrel.png */,
				9B643EDD1F6D9AEA00E2E2BF /* bee.png */,
				9B643ED31F6D96D500E2E2BF /* back_3.png */,
				9B643ED41F6D96D500E2E2BF /* cow.png */,
				9B643ED51F6D96D500E2E2BF /* mouse.png */,
				9B643ED61F6D96D500E2E2BF /* pig.png */,
				9B643EC91F6D92E100E2E2BF /* giraffe.png */,
				9B643ECA1F6D92E100E2E2BF /* hippo.png */,
				9B643ECB1F6D92E100E2E2BF /* leopard.png */,
				9B643ECC1F6D92E100E2E2BF /* monkey.png */,
				9B643ECD1F6D92E100E2E2BF /* turtle.png */,
				9B643EC51F6D77B400E2E2BF /* back_2.png */,
				9B643EC31F6D672700E2E2BF /* back.png */,
				9B643EBC1F6C219100E2E2BF /* rabbit.png */,
				9B643E9C1F6C1D6600E2E2BF /* cat.png */,
				9B643E211F6978EA00E2E2BF /* LaunchScreen.storyboard */,
				9B643E241F6978EA00E2E2BF /* Info.plist */,
				9B643EC71F6D814E00E2E2BF /* LevelTwoViewController.swift */,
				9B643EDB1F6D990300E2E2BF /* LevelThreeViewController.swift */,
				9B643EE11F6D9E5500E2E2BF /* LevelOneViewController.swift */,
				9B643EE51F6DA80000E2E2BF /* MainViewController.swift */,
			);
			path = jeu_memoire;
			sourceTree = "<group>";
		};
/* End PBXGroup section */

/* Begin PBXNativeTarget section */
		9B643E141F6978E900E2E2BF /* jeu_memoire */ = {
			isa = PBXNativeTarget;
			buildConfigurationList = 9B643E271F6978EA00E2E2BF /* Build configuration list for PBXNativeTarget "jeu_memoire" */;
			buildPhases = (
				9B643E111F6978E900E2E2BF /* Sources */,
				9B643E121F6978E900E2E2BF /* Frameworks */,
				9B643E131F6978E900E2E2BF /* Resources */,
			);
			buildRules = (
			);
			dependencies = (
			);
			name = jeu_memoire;
			productName = jeu_memoire;
			productReference = 9B643E151F6978EA00E2E2BF /* jeu_memoire.app */;
			productType = "com.apple.product-type.application";
		};
/* End PBXNativeTarget section */

/* Begin PBXProject section */
		9B643E0D1F6978E900E2E2BF /* Project object */ = {
			isa = PBXProject;
			attributes = {
				LastSwiftUpdateCheck = 0820;
				LastUpgradeCheck = 0820;
				ORGANIZATIONNAME = eleves;
				TargetAttributes = {
					9B643E141F6978E900E2E2BF = {
						CreatedOnToolsVersion = 8.2;
						LastSwiftMigration = 0820;
						ProvisioningStyle = Automatic;
					};
				};
			};
			buildConfigurationList = 9B643E101F6978E900E2E2BF /* Build configuration list for PBXProject "jeu_memoire" */;
			compatibilityVersion = "Xcode 3.2";
			developmentRegion = English;
			hasScannedForEncodings = 0;
			knownRegions = (
				en,
				Base,
			);
			mainGroup = 9B643E0C1F6978E900E2E2BF;
			productRefGroup = 9B643E161F6978EA00E2E2BF /* Products */;
			projectDirPath = "";
			projectRoot = "";
			targets = (
				9B643E141F6978E900E2E2BF /* jeu_memoire */,
			);
		};
/* End PBXProject section */

/* Begin PBXResourcesBuildPhase section */
		9B643E131F6978E900E2E2BF /* Resources */ = {
			isa = PBXResourcesBuildPhase;
			buildActionMask = 2147483647;
			files = (
				9B643ED11F6D92E100E2E2BF /* monkey.png in Resources */,
				9B643ED21F6D92E100E2E2BF /* turtle.png in Resources */,
				9B643E9D1F6C1D6600E2E2BF /* cat.png in Resources */,
				9B643ECF1F6D92E100E2E2BF /* hippo.png in Resources */,
				9B643ED91F6D96D500E2E2BF /* mouse.png in Resources */,
				9B643ECE1F6D92E100E2E2BF /* giraffe.png in Resources */,
				9B643EED1F6DB60E00E2E2BF /* firework.png in Resources */,
				9B31B5A11F72A0C60049103A /* play.png in Resources */,
				9B643E231F6978EA00E2E2BF /* LaunchScreen.storyboard in Resources */,
				9B643EDA1F6D96D500E2E2BF /* pig.png in Resources */,
				9B643E201F6978EA00E2E2BF /* Assets.xcassets in Resources */,
				9B643EE91F6DAD1200E2E2BF /* Main.storyboard in Resources */,
				9B643ED71F6D96D500E2E2BF /* back_3.png in Resources */,
				9B643ED81F6D96D500E2E2BF /* cow.png in Resources */,
				9B8D5EDD1F70484C0051ABC4 /* dog.png in Resources */,
				9B643EDE1F6D9AEA00E2E2BF /* bee.png in Resources */,
				9B643EC41F6D672700E2E2BF /* back.png in Resources */,
				9B643ED01F6D92E100E2E2BF /* leopard.png in Resources */,
				9B643EE01F6D9B6500E2E2BF /* squirrel.png in Resources */,
				9B643EEC1F6DB60E00E2E2BF /* balloon.png in Resources */,
				9B643EBD1F6C219100E2E2BF /* rabbit.png in Resources */,
				9B643EC61F6D77B400E2E2BF /* back_2.png in Resources */,
			);
			runOnlyForDeploymentPostprocessing = 0;
		};
/* End PBXResourcesBuildPhase section */

/* Begin PBXSourcesBuildPhase section */
		9B643E111F6978E900E2E2BF /* Sources */ = {
			isa = PBXSourcesBuildPhase;
			buildActionMask = 2147483647;
			files = (
				9B643EDC1F6D990300E2E2BF /* LevelThreeViewController.swift in Sources */,
				9B643EE21F6D9E5500E2E2BF /* LevelOneViewController.swift in Sources */,
				9B643EE61F6DA80000E2E2BF /* MainViewController.swift in Sources */,
				9B643EC81F6D814E00E2E2BF /* LevelTwoViewController.swift in Sources */,
				9B643E191F6978EA00E2E2BF /* AppDelegate.swift in Sources */,
			);
			runOnlyForDeploymentPostprocessing = 0;
		};
/* End PBXSourcesBuildPhase section */

/* Begin PBXVariantGroup section */
		9B643E211F6978EA00E2E2BF /* LaunchScreen.storyboard */ = {
			isa = PBXVariantGroup;
			children = (
				9B643E221F6978EA00E2E2BF /* Base */,
			);
			name = LaunchScreen.storyboard;
			sourceTree = "<group>";
		};
		9B643EE71F6DAD1200E2E2BF /* Main.storyboard */ = {
			isa = PBXVariantGroup;
			children = (
				9B643EE81F6DAD1200E2E2BF /* Base */,
			);
			name = Main.storyboard;
			sourceTree = "<group>";
		};
/* End PBXVariantGroup section */

/* Begin XCBuildConfiguration section */
		9B643E251F6978EA00E2E2BF /* Debug */ = {
			isa = XCBuildConfiguration;
			buildSettings = {
				ALWAYS_SEARCH_USER_PATHS = NO;
				CLANG_ANALYZER_NONNULL = YES;
				CLANG_CXX_LANGUAGE_STANDARD = "gnu++0x";
				CLANG_CXX_LIBRARY = "libc++";
				CLANG_ENABLE_MODULES = YES;
				CLANG_ENABLE_OBJC_ARC = YES;
				CLANG_WARN_BOOL_CONVERSION = YES;
				CLANG_WARN_CONSTANT_CONVERSION = YES;
				CLANG_WARN_DIRECT_OBJC_ISA_USAGE = YES_ERROR;
				CLANG_WARN_DOCUMENTATION_COMMENTS = YES;
				CLANG_WARN_EMPTY_BODY = YES;
				CLANG_WARN_ENUM_CONVERSION = YES;
				CLANG_WARN_INFINITE_RECURSION = YES;
				CLANG_WARN_INT_CONVERSION = YES;
				CLANG_WARN_OBJC_ROOT_CLASS = YES_ERROR;
				CLANG_WARN_SUSPICIOUS_MOVE = YES;
				CLANG_WARN_UNREACHABLE_CODE = YES;
				CLANG_WARN__DUPLICATE_METHOD_MATCH = YES;
				"CODE_SIGN_IDENTITY[sdk=iphoneos*]" = "iPhone Developer";
				COPY_PHASE_STRIP = NO;
				DEBUG_INFORMATION_FORMAT = dwarf;
				ENABLE_STRICT_OBJC_MSGSEND = YES;
				ENABLE_TESTABILITY = YES;
				GCC_C_LANGUAGE_STANDARD = gnu99;
				GCC_DYNAMIC_NO_PIC = NO;
				GCC_NO_COMMON_BLOCKS = YES;
				GCC_OPTIMIZATION_LEVEL = 0;
				GCC_PREPROCESSOR_DEFINITIONS = (
					"DEBUG=1",
					"$(inherited)",
				);
				GCC_WARN_64_TO_32_BIT_CONVERSION = YES;
				GCC_WARN_ABOUT_RETURN_TYPE = YES_ERROR;
				GCC_WARN_UNDECLARED_SELECTOR = YES;
				GCC_WARN_UNINITIALIZED_AUTOS = YES_AGGRESSIVE;
				GCC_WARN_UNUSED_FUNCTION = YES;
				GCC_WARN_UNUSED_VARIABLE = YES;
				IPHONEOS_DEPLOYMENT_TARGET = 10.2;
				MTL_ENABLE_DEBUG_INFO = YES;
				ONLY_ACTIVE_ARCH = YES;
				SDKROOT = iphoneos;
				SWIFT_ACTIVE_COMPILATION_CONDITIONS = DEBUG;
				SWIFT_OPTIMIZATION_LEVEL = "-Onone";
				TARGETED_DEVICE_FAMILY = 2;
			};
			name = Debug;
		};
		9B643E261F6978EA00E2E2BF /* Release */ = {
			isa = XCBuildConfiguration;
			buildSettings = {
				ALWAYS_SEARCH_USER_PATHS = NO;
				CLANG_ANALYZER_NONNULL = YES;
				CLANG_CXX_LANGUAGE_STANDARD = "gnu++0x";
				CLANG_CXX_LIBRARY = "libc++";
				CLANG_ENABLE_MODULES = YES;
				CLANG_ENABLE_OBJC_ARC = YES;
				CLANG_WARN_BOOL_CONVERSION = YES;
				CLANG_WARN_CONSTANT_CONVERSION = YES;
				CLANG_WARN_DIRECT_OBJC_ISA_USAGE = YES_ERROR;
				CLANG_WARN_DOCUMENTATION_COMMENTS = YES;
				CLANG_WARN_EMPTY_BODY = YES;
				CLANG_WARN_ENUM_CONVERSION = YES;
				CLANG_WARN_INFINITE_RECURSION = YES;
				CLANG_WARN_INT_CONVERSION = YES;
				CLANG_WARN_OBJC_ROOT_CLASS = YES_ERROR;
				CLANG_WARN_SUSPICIOUS_MOVE = YES;
				CLANG_WARN_UNREACHABLE_CODE = YES;
				CLANG_WARN__DUPLICATE_METHOD_MATCH = YES;
				"CODE_SIGN_IDENTITY[sdk=iphoneos*]" = "iPhone Developer";
				COPY_PHASE_STRIP = NO;
				DEBUG_INFORMATION_FORMAT = "dwarf-with-dsym";
				ENABLE_NS_ASSERTIONS = NO;
				ENABLE_STRICT_OBJC_MSGSEND = YES;
				GCC_C_LANGUAGE_STANDARD = gnu99;
				GCC_NO_COMMON_BLOCKS = YES;
				GCC_WARN_64_TO_32_BIT_CONVERSION = YES;
				GCC_WARN_ABOUT_RETURN_TYPE = YES_ERROR;
				GCC_WARN_UNDECLARED_SELECTOR = YES;
				GCC_WARN_UNINITIALIZED_AUTOS = YES_AGGRESSIVE;
				GCC_WARN_UNUSED_FUNCTION = YES;
				GCC_WARN_UNUSED_VARIABLE = YES;
				IPHONEOS_DEPLOYMENT_TARGET = 10.2;
				MTL_ENABLE_DEBUG_INFO = NO;
				SDKROOT = iphoneos;
				SWIFT_OPTIMIZATION_LEVEL = "-Owholemodule";
				TARGETED_DEVICE_FAMILY = 2;
				VALIDATE_PRODUCT = YES;
			};
			name = Release;
		};
		9B643E281F6978EA00E2E2BF /* Debug */ = {
			isa = XCBuildConfiguration;
			buildSettings = {
				ASSETCATALOG_COMPILER_APPICON_NAME = AppIcon;
				CLANG_ENABLE_MODULES = YES;
				INFOPLIST_FILE = jeu_memoire/Info.plist;
				LD_RUNPATH_SEARCH_PATHS = "$(inherited) @executable_path/Frameworks";
				PRODUCT_BUNDLE_IDENTIFIER = com.fabiose.jeumemoire;
				PRODUCT_NAME = "$(TARGET_NAME)";
				SWIFT_OPTIMIZATION_LEVEL = "-Onone";
				SWIFT_VERSION = 3.0;
			};
			name = Debug;
		};
		9B643E291F6978EA00E2E2BF /* Release */ = {
			isa = XCBuildConfiguration;
			buildSettings = {
				ASSETCATALOG_COMPILER_APPICON_NAME = AppIcon;
				CLANG_ENABLE_MODULES = YES;
				INFOPLIST_FILE = jeu_memoire/Info.plist;
				LD_RUNPATH_SEARCH_PATHS = "$(inherited) @executable_path/Frameworks";
				PRODUCT_BUNDLE_IDENTIFIER = com.fabiose.jeumemoire;
				PRODUCT_NAME = "$(TARGET_NAME)";
				SWIFT_VERSION = 3.0;
			};
			name = Release;
		};
/* End XCBuildConfiguration section */

/* Begin XCConfigurationList section */
		9B643E101F6978E900E2E2BF /* Build configuration list for PBXProject "jeu_memoire" */ = {
			isa = XCConfigurationList;
			buildConfigurations = (
				9B643E251F6978EA00E2E2BF /* Debug */,
				9B643E261F6978EA00E2E2BF /* Release */,
			);
			defaultConfigurationIsVisible = 0;
			defaultConfigurationName = Release;
		};
		9B643E271F6978EA00E2E2BF /* Build configuration list for PBXNativeTarget "jeu_memoire" */ = {
			isa = XCConfigurationList;
			buildConfigurations = (
				9B643E281F6978EA00E2E2BF /* Debug */,
				9B643E291F6978EA00E2E2BF /* Release */,
			);
			defaultConfigurationIsVisible = 0;
			defaultConfigurationName = Release;
		};
/* End XCConfigurationList section */
	};
	rootObject = 9B643E0D1F6978E900E2E2BF /* Project object */;
}
