// !$*UTF8*$!
{
	archiveVersion = 1;
	classes = {
	};
	objectVersion = 46;
	objects = {

/* Begin PBXBuildFile section */
		9B63D9971F72BDF60004692F /* balloon.png in Resources */ = {isa = PBXBuildFile; fileRef = 9B63D9841F72BDF60004692F /* balloon.png */; };
		9B63D9991F72BDF60004692F /* cat.png in Resources */ = {isa = PBXBuildFile; fileRef = 9B63D9861F72BDF60004692F /* cat.png */; };
		9B63D99B1F72BDF60004692F /* dog.png in Resources */ = {isa = PBXBuildFile; fileRef = 9B63D9881F72BDF60004692F /* dog.png */; };
		9B63D99C1F72BDF60004692F /* firework.png in Resources */ = {isa = PBXBuildFile; fileRef = 9B63D9891F72BDF60004692F /* firework.png */; };
		9B63D99D1F72BDF60004692F /* giraffe.png in Resources */ = {isa = PBXBuildFile; fileRef = 9B63D98A1F72BDF60004692F /* giraffe.png */; };
		9B63D99E1F72BDF60004692F /* hippo.png in Resources */ = {isa = PBXBuildFile; fileRef = 9B63D98B1F72BDF60004692F /* hippo.png */; };
		9B63D99F1F72BDF60004692F /* leopard.png in Resources */ = {isa = PBXBuildFile; fileRef = 9B63D98C1F72BDF60004692F /* leopard.png */; };
		9B63D9A01F72BDF60004692F /* monkey.png in Resources */ = {isa = PBXBuildFile; fileRef = 9B63D98D1F72BDF60004692F /* monkey.png */; };
		9B63D9A11F72BDF60004692F /* mouse.png in Resources */ = {isa = PBXBuildFile; fileRef = 9B63D98E1F72BDF60004692F /* mouse.png */; };
		9B63D9A31F72BDF60004692F /* play.png in Resources */ = {isa = PBXBuildFile; fileRef = 9B63D9901F72BDF60004692F /* play.png */; };
		9B63D9A41F72BDF60004692F /* rabbit.png in Resources */ = {isa = PBXBuildFile; fileRef = 9B63D9911F72BDF60004692F /* rabbit.png */; };
		9B63D9A51F72BDF60004692F /* squirrel.png in Resources */ = {isa = PBXBuildFile; fileRef = 9B63D9921F72BDF60004692F /* squirrel.png */; };
		9B63D9A61F72BDF60004692F /* turtle.png in Resources */ = {isa = PBXBuildFile; fileRef = 9B63D9931F72BDF60004692F /* turtle.png */; };
		9B63D9AB1F72BE040004692F /* LevelOneViewController.swift in Sources */ = {isa = PBXBuildFile; fileRef = 9B63D9A71F72BE040004692F /* LevelOneViewController.swift */; };
		9B63D9AD1F72BE040004692F /* LevelTwoViewController.swift in Sources */ = {isa = PBXBuildFile; fileRef = 9B63D9A91F72BE040004692F /* LevelTwoViewController.swift */; };
		9B63D9AE1F72BE040004692F /* MainViewController.swift in Sources */ = {isa = PBXBuildFile; fileRef = 9B63D9AA1F72BE040004692F /* MainViewController.swift */; };
		9B63D9B01F792D250004692F /* front.png in Resources */ = {isa = PBXBuildFile; fileRef = 9B63D9AF1F792D250004692F /* front.png */; };
		9B63D9B21F7966270004692F /* bg.png in Resources */ = {isa = PBXBuildFile; fileRef = 9B63D9B11F7966270004692F /* bg.png */; };
		9B63D9B41F796C300004692F /* bg_2.png in Resources */ = {isa = PBXBuildFile; fileRef = 9B63D9B31F796C300004692F /* bg_2.png */; };
		9B63D9B61F796ED00004692F /* bg_3.png in Resources */ = {isa = PBXBuildFile; fileRef = 9B63D9B51F796ED00004692F /* bg_3.png */; };
		9B63D9B81F79934F0004692F /* title.png in Resources */ = {isa = PBXBuildFile; fileRef = 9B63D9B71F79934F0004692F /* title.png */; };
		9B63D9BB1F799C160004692F /* applause.mp3 in Resources */ = {isa = PBXBuildFile; fileRef = 9B63D9BA1F799C160004692F /* applause.mp3 */; };
		9B643E191F6978EA00E2E2BF /* AppDelegate.swift in Sources */ = {isa = PBXBuildFile; fileRef = 9B643E181F6978EA00E2E2BF /* AppDelegate.swift */; };
		9B643E201F6978EA00E2E2BF /* Assets.xcassets in Resources */ = {isa = PBXBuildFile; fileRef = 9B643E1F1F6978EA00E2E2BF /* Assets.xcassets */; };
		9B643E231F6978EA00E2E2BF /* LaunchScreen.storyboard in Resources */ = {isa = PBXBuildFile; fileRef = 9B643E211F6978EA00E2E2BF /* LaunchScreen.storyboard */; };
		9B643EE91F6DAD1200E2E2BF /* Main.storyboard in Resources */ = {isa = PBXBuildFile; fileRef = 9B643EE71F6DAD1200E2E2BF /* Main.storyboard */; };
		9B766A0B1F7AF74200D9B84D /* felicitation.png in Resources */ = {isa = PBXBuildFile; fileRef = 9B766A0A1F7AF74200D9B84D /* felicitation.png */; };
		9B766A0D1F7AFB5300D9B84D /* home.png in Resources */ = {isa = PBXBuildFile; fileRef = 9B766A0C1F7AFB5300D9B84D /* home.png */; };
		9B766A0F1F7B02E700D9B84D /* reload.png in Resources */ = {isa = PBXBuildFile; fileRef = 9B766A0E1F7B02E700D9B84D /* reload.png */; };
/* End PBXBuildFile section */

/* Begin PBXFileReference section */
		9B63D9841F72BDF60004692F /* balloon.png */ = {isa = PBXFileReference; lastKnownFileType = image.png; name = balloon.png; path = images/balloon.png; sourceTree = "<group>"; };
		9B63D9861F72BDF60004692F /* cat.png */ = {isa = PBXFileReference; lastKnownFileType = image.png; name = cat.png; path = images/cat.png; sourceTree = "<group>"; };
		9B63D9881F72BDF60004692F /* dog.png */ = {isa = PBXFileReference; lastKnownFileType = image.png; name = dog.png; path = images/dog.png; sourceTree = "<group>"; };
		9B63D9891F72BDF60004692F /* firework.png */ = {isa = PBXFileReference; lastKnownFileType = image.png; name = firework.png; path = images/firework.png; sourceTree = "<group>"; };
		9B63D98A1F72BDF60004692F /* giraffe.png */ = {isa = PBXFileReference; lastKnownFileType = image.png; name = giraffe.png; path = images/giraffe.png; sourceTree = "<group>"; };
		9B63D98B1F72BDF60004692F /* hippo.png */ = {isa = PBXFileReference; lastKnownFileType = image.png; name = hippo.png; path = images/hippo.png; sourceTree = "<group>"; };
		9B63D98C1F72BDF60004692F /* leopard.png */ = {isa = PBXFileReference; lastKnownFileType = image.png; name = leopard.png; path = images/leopard.png; sourceTree = "<group>"; };
		9B63D98D1F72BDF60004692F /* monkey.png */ = {isa = PBXFileReference; lastKnownFileType = image.png; name = monkey.png; path = images/monkey.png; sourceTree = "<group>"; };
		9B63D98E1F72BDF60004692F /* mouse.png */ = {isa = PBXFileReference; lastKnownFileType = image.png; name = mouse.png; path = images/mouse.png; sourceTree = "<group>"; };
		9B63D9901F72BDF60004692F /* play.png */ = {isa = PBXFileReference; lastKnownFileType = image.png; name = play.png; path = images/play.png; sourceTree = "<group>"; };
		9B63D9911F72BDF60004692F /* rabbit.png */ = {isa = PBXFileReference; lastKnownFileType = image.png; name = rabbit.png; path = images/rabbit.png; sourceTree = "<group>"; };
		9B63D9921F72BDF60004692F /* squirrel.png */ = {isa = PBXFileReference; lastKnownFileType = image.png; name = squirrel.png; path = images/squirrel.png; sourceTree = "<group>"; };
		9B63D9931F72BDF60004692F /* turtle.png */ = {isa = PBXFileReference; lastKnownFileType = image.png; name = turtle.png; path = images/turtle.png; sourceTree = "<group>"; };
		9B63D9A71F72BE040004692F /* LevelOneViewController.swift */ = {isa = PBXFileReference; fileEncoding = 4; lastKnownFileType = sourcecode.swift; name = LevelOneViewController.swift; path = viewController/LevelOneViewController.swift; sourceTree = "<group>"; };
		9B63D9A91F72BE040004692F /* LevelTwoViewController.swift */ = {isa = PBXFileReference; fileEncoding = 4; lastKnownFileType = sourcecode.swift; name = LevelTwoViewController.swift; path = viewController/LevelTwoViewController.swift; sourceTree = "<group>"; };
		9B63D9AA1F72BE040004692F /* MainViewController.swift */ = {isa = PBXFileReference; fileEncoding = 4; lastKnownFileType = sourcecode.swift; name = MainViewController.swift; path = viewController/MainViewController.swift; sourceTree = "<group>"; };
		9B63D9AF1F792D250004692F /* front.png */ = {isa = PBXFileReference; lastKnownFileType = image.png; name = front.png; path = images/front.png; sourceTree = "<group>"; };
		9B63D9B11F7966270004692F /* bg.png */ = {isa = PBXFileReference; lastKnownFileType = image.png; name = bg.png; path = images/bg.png; sourceTree = "<group>"; };
		9B63D9B31F796C300004692F /* bg_2.png */ = {isa = PBXFileReference; lastKnownFileType = image.png; name = bg_2.png; path = images/bg_2.png; sourceTree = "<group>"; };
		9B63D9B51F796ED00004692F /* bg_3.png */ = {isa = PBXFileReference; lastKnownFileType = image.png; name = bg_3.png; path = images/bg_3.png; sourceTree = "<group>"; };
		9B63D9B71F79934F0004692F /* title.png */ = {isa = PBXFileReference; lastKnownFileType = image.png; name = title.png; path = images/title.png; sourceTree = "<group>"; };
		9B63D9BA1F799C160004692F /* applause.mp3 */ = {isa = PBXFileReference; lastKnownFileType = audio.mp3; name = applause.mp3; path = audio/applause.mp3; sourceTree = "<group>"; };
		9B643E151F6978EA00E2E2BF /* jeu_memoire.app */ = {isa = PBXFileReference; explicitFileType = wrapper.application; includeInIndex = 0; path = jeu_memoire.app; sourceTree = BUILT_PRODUCTS_DIR; };
		9B643E181F6978EA00E2E2BF /* AppDelegate.swift */ = {isa = PBXFileReference; lastKnownFileType = sourcecode.swift; path = AppDelegate.swift; sourceTree = "<group>"; };
		9B643E1F1F6978EA00E2E2BF /* Assets.xcassets */ = {isa = PBXFileReference; lastKnownFileType = folder.assetcatalog; path = Assets.xcassets; sourceTree = "<group>"; };
		9B643E221F6978EA00E2E2BF /* Base */ = {isa = PBXFileReference; lastKnownFileType = file.storyboard; name = Base; path = Base.lproj/LaunchScreen.storyboard; sourceTree = "<group>"; };
		9B643E241F6978EA00E2E2BF /* Info.plist */ = {isa = PBXFileReference; lastKnownFileType = text.plist.xml; path = Info.plist; sourceTree = "<group>"; };
		9B643EE81F6DAD1200E2E2BF /* Base */ = {isa = PBXFileReference; lastKnownFileType = file.storyboard; name = Base; path = Base.lproj/Main.storyboard; sourceTree = "<group>"; };
		9B766A0A1F7AF74200D9B84D /* felicitation.png */ = {isa = PBXFileReference; lastKnownFileType = image.png; name = felicitation.png; path = images/felicitation.png; sourceTree = "<group>"; };
		9B766A0C1F7AFB5300D9B84D /* home.png */ = {isa = PBXFileReference; lastKnownFileType = image.png; name = home.png; path = images/home.png; sourceTree = "<group>"; };
		9B766A0E1F7B02E700D9B84D /* reload.png */ = {isa = PBXFileReference; lastKnownFileType = image.png; name = reload.png; path = images/reload.png; sourceTree = "<group>"; };
/* End PBXFileReference section */

/* Begin PBXFrameworksBuildPhase section */
		9B643E121F6978E900E2E2BF /* Frameworks */ = {
			isa = PBXFrameworksBuildPhase;
			buildActionMask = 2147483647;
			files = (
			);
			runOnlyForDeploymentPostprocessing = 0;
		};
/* End PBXFrameworksBuildPhase section */

/* Begin PBXGroup section */
		9B63D97F1F72BDD70004692F /* viewController */ = {
			isa = PBXGroup;
			children = (
				9B63D9A71F72BE040004692F /* LevelOneViewController.swift */,
				9B63D9A91F72BE040004692F /* LevelTwoViewController.swift */,
				9B63D9AA1F72BE040004692F /* MainViewController.swift */,
			);
			name = viewController;
			sourceTree = "<group>";
		};
		9B63D9801F72BDE40004692F /* images */ = {
			isa = PBXGroup;
			children = (
				9B766A0E1F7B02E700D9B84D /* reload.png */,
				9B766A0C1F7AFB5300D9B84D /* home.png */,
				9B766A0A1F7AF74200D9B84D /* felicitation.png */,
				9B63D9B71F79934F0004692F /* title.png */,
				9B63D9B51F796ED00004692F /* bg_3.png */,
				9B63D9B31F796C300004692F /* bg_2.png */,
				9B63D9B11F7966270004692F /* bg.png */,
				9B63D9AF1F792D250004692F /* front.png */,
				9B63D9841F72BDF60004692F /* balloon.png */,
				9B63D9861F72BDF60004692F /* cat.png */,
				9B63D9881F72BDF60004692F /* dog.png */,
				9B63D9891F72BDF60004692F /* firework.png */,
				9B63D98A1F72BDF60004692F /* giraffe.png */,
				9B63D98B1F72BDF60004692F /* hippo.png */,
				9B63D98C1F72BDF60004692F /* leopard.png */,
				9B63D98D1F72BDF60004692F /* monkey.png */,
				9B63D98E1F72BDF60004692F /* mouse.png */,
				9B63D9901F72BDF60004692F /* play.png */,
				9B63D9911F72BDF60004692F /* rabbit.png */,
				9B63D9921F72BDF60004692F /* squirrel.png */,
				9B63D9931F72BDF60004692F /* turtle.png */,
			);
			name = images;
			sourceTree = "<group>";
		};
		9B63D9B91F799C090004692F /* audio */ = {
			isa = PBXGroup;
			children = (
				9B63D9BA1F799C160004692F /* applause.mp3 */,
			);
			name = audio;
			sourceTree = "<group>";
		};
		9B643E0C1F6978E900E2E2BF = {
			isa = PBXGroup;
			children = (
				9B643E171F6978EA00E2E2BF /* jeu_memoire */,
				9B643E161F6978EA00E2E2BF /* Products */,
			);
			sourceTree = "<group>";
		};
		9B643E161F6978EA00E2E2BF /* Products */ = {
			isa = PBXGroup;
			children = (
				9B643E151F6978EA00E2E2BF /* jeu_memoire.app */,
			);
			name = Products;
			sourceTree = "<group>";
		};
		9B643E171F6978EA00E2E2BF /* jeu_memoire */ = {
			isa = PBXGroup;
			children = (
				9B63D9B91F799C090004692F /* audio */,
				9B63D9801F72BDE40004692F /* images */,
				9B63D97F1F72BDD70004692F /* viewController */,
				9B643EE71F6DAD1200E2E2BF /* Main.storyboard */,
				9B643E181F6978EA00E2E2BF /* AppDelegate.swift */,
				9B643E1F1F6978EA00E2E2BF /* Assets.xcassets */,
				9B643E211F6978EA00E2E2BF /* LaunchScreen.storyboard */,
				9B643E241F6978EA00E2E2BF /* Info.plist */,
			);
			path = jeu_memoire;
			sourceTree = "<group>";
		};
/* End PBXGroup section */

/* Begin PBXNativeTarget section */
		9B643E141F6978E900E2E2BF /* jeu_memoire */ = {
			isa = PBXNativeTarget;
			buildConfigurationList = 9B643E271F6978EA00E2E2BF /* Build configuration list for PBXNativeTarget "jeu_memoire" */;
			buildPhases = (
				9B643E111F6978E900E2E2BF /* Sources */,
				9B643E121F6978E900E2E2BF /* Frameworks */,
				9B643E131F6978E900E2E2BF /* Resources */,
			);
			buildRules = (
			);
			dependencies = (
			);
			name = jeu_memoire;
			productName = jeu_memoire;
			productReference = 9B643E151F6978EA00E2E2BF /* jeu_memoire.app */;
			productType = "com.apple.product-type.application";
		};
/* End PBXNativeTarget section */

/* Begin PBXProject section */
		9B643E0D1F6978E900E2E2BF /* Project object */ = {
			isa = PBXProject;
			attributes = {
				LastSwiftUpdateCheck = 0820;
				LastUpgradeCheck = 0820;
				ORGANIZATIONNAME = eleves;
				TargetAttributes = {
					9B643E141F6978E900E2E2BF = {
						CreatedOnToolsVersion = 8.2;
						LastSwiftMigration = 0820;
						ProvisioningStyle = Automatic;
					};
				};
			};
			buildConfigurationList = 9B643E101F6978E900E2E2BF /* Build configuration list for PBXProject "jeu_memoire" */;
			compatibilityVersion = "Xcode 3.2";
			developmentRegion = English;
			hasScannedForEncodings = 0;
			knownRegions = (
				en,
				Base,
			);
			mainGroup = 9B643E0C1F6978E900E2E2BF;
			productRefGroup = 9B643E161F6978EA00E2E2BF /* Products */;
			projectDirPath = "";
			projectRoot = "";
			targets = (
				9B643E141F6978E900E2E2BF /* jeu_memoire */,
			);
		};
/* End PBXProject section */

/* Begin PBXResourcesBuildPhase section */
		9B643E131F6978E900E2E2BF /* Resources */ = {
			isa = PBXResourcesBuildPhase;
			buildActionMask = 2147483647;
			files = (
				9B63D9A01F72BDF60004692F /* monkey.png in Resources */,
				9B63D9991F72BDF60004692F /* cat.png in Resources */,
				9B63D9B81F79934F0004692F /* title.png in Resources */,
				9B643E231F6978EA00E2E2BF /* LaunchScreen.storyboard in Resources */,
				9B63D9B61F796ED00004692F /* bg_3.png in Resources */,
				9B63D9B41F796C300004692F /* bg_2.png in Resources */,
				9B63D9A41F72BDF60004692F /* rabbit.png in Resources */,
				9B63D99C1F72BDF60004692F /* firework.png in Resources */,
				9B643E201F6978EA00E2E2BF /* Assets.xcassets in Resources */,
				9B63D9971F72BDF60004692F /* balloon.png in Resources */,
				9B63D99F1F72BDF60004692F /* leopard.png in Resources */,
				9B766A0B1F7AF74200D9B84D /* felicitation.png in Resources */,
				9B63D99D1F72BDF60004692F /* giraffe.png in Resources */,
				9B643EE91F6DAD1200E2E2BF /* Main.storyboard in Resources */,
				9B63D9BB1F799C160004692F /* applause.mp3 in Resources */,
				9B63D9A11F72BDF60004692F /* mouse.png in Resources */,
				9B63D9B21F7966270004692F /* bg.png in Resources */,
				9B63D9A31F72BDF60004692F /* play.png in Resources */,
				9B63D9B01F792D250004692F /* front.png in Resources */,
				9B766A0F1F7B02E700D9B84D /* reload.png in Resources */,
				9B63D99E1F72BDF60004692F /* hippo.png in Resources */,
				9B766A0D1F7AFB5300D9B84D /* home.png in Resources */,
				9B63D99B1F72BDF60004692F /* dog.png in Resources */,
				9B63D9A61F72BDF60004692F /* turtle.png in Resources */,
				9B63D9A51F72BDF60004692F /* squirrel.png in Resources */,
			);
			runOnlyForDeploymentPostprocessing = 0;
		};
/* End PBXResourcesBuildPhase section */

/* Begin PBXSourcesBuildPhase section */
		9B643E111F6978E900E2E2BF /* Sources */ = {
			isa = PBXSourcesBuildPhase;
			buildActionMask = 2147483647;
			files = (
				9B63D9AD1F72BE040004692F /* LevelTwoViewController.swift in Sources */,
				9B63D9AB1F72BE040004692F /* LevelOneViewController.swift in Sources */,
				9B643E191F6978EA00E2E2BF /* AppDelegate.swift in Sources */,
				9B63D9AE1F72BE040004692F /* MainViewController.swift in Sources */,
			);
			runOnlyForDeploymentPostprocessing = 0;
		};
/* End PBXSourcesBuildPhase section */

/* Begin PBXVariantGroup section */
		9B643E211F6978EA00E2E2BF /* LaunchScreen.storyboard */ = {
			isa = PBXVariantGroup;
			children = (
				9B643E221F6978EA00E2E2BF /* Base */,
			);
			name = LaunchScreen.storyboard;
			sourceTree = "<group>";
		};
		9B643EE71F6DAD1200E2E2BF /* Main.storyboard */ = {
			isa = PBXVariantGroup;
			children = (
				9B643EE81F6DAD1200E2E2BF /* Base */,
			);
			name = Main.storyboard;
			sourceTree = "<group>";
		};
/* End PBXVariantGroup section */

/* Begin XCBuildConfiguration section */
		9B643E251F6978EA00E2E2BF /* Debug */ = {
			isa = XCBuildConfiguration;
			buildSettings = {
				ALWAYS_SEARCH_USER_PATHS = NO;
				CLANG_ANALYZER_NONNULL = YES;
				CLANG_CXX_LANGUAGE_STANDARD = "gnu++0x";
				CLANG_CXX_LIBRARY = "libc++";
				CLANG_ENABLE_MODULES = YES;
				CLANG_ENABLE_OBJC_ARC = YES;
				CLANG_WARN_BOOL_CONVERSION = YES;
				CLANG_WARN_CONSTANT_CONVERSION = YES;
				CLANG_WARN_DIRECT_OBJC_ISA_USAGE = YES_ERROR;
				CLANG_WARN_DOCUMENTATION_COMMENTS = YES;
				CLANG_WARN_EMPTY_BODY = YES;
				CLANG_WARN_ENUM_CONVERSION = YES;
				CLANG_WARN_INFINITE_RECURSION = YES;
				CLANG_WARN_INT_CONVERSION = YES;
				CLANG_WARN_OBJC_ROOT_CLASS = YES_ERROR;
				CLANG_WARN_SUSPICIOUS_MOVE = YES;
				CLANG_WARN_UNREACHABLE_CODE = YES;
				CLANG_WARN__DUPLICATE_METHOD_MATCH = YES;
				"CODE_SIGN_IDENTITY[sdk=iphoneos*]" = "iPhone Developer";
				COPY_PHASE_STRIP = NO;
				DEBUG_INFORMATION_FORMAT = dwarf;
				ENABLE_STRICT_OBJC_MSGSEND = YES;
				ENABLE_TESTABILITY = YES;
				GCC_C_LANGUAGE_STANDARD = gnu99;
				GCC_DYNAMIC_NO_PIC = NO;
				GCC_NO_COMMON_BLOCKS = YES;
				GCC_OPTIMIZATION_LEVEL = 0;
				GCC_PREPROCESSOR_DEFINITIONS = (
					"DEBUG=1",
					"$(inherited)",
				);
				GCC_WARN_64_TO_32_BIT_CONVERSION = YES;
				GCC_WARN_ABOUT_RETURN_TYPE = YES_ERROR;
				GCC_WARN_UNDECLARED_SELECTOR = YES;
				GCC_WARN_UNINITIALIZED_AUTOS = YES_AGGRESSIVE;
				GCC_WARN_UNUSED_FUNCTION = YES;
				GCC_WARN_UNUSED_VARIABLE = YES;
				IPHONEOS_DEPLOYMENT_TARGET = 10.2;
				MTL_ENABLE_DEBUG_INFO = YES;
				ONLY_ACTIVE_ARCH = YES;
				SDKROOT = iphoneos;
				SWIFT_ACTIVE_COMPILATION_CONDITIONS = DEBUG;
				SWIFT_OPTIMIZATION_LEVEL = "-Onone";
				TARGETED_DEVICE_FAMILY = 2;
			};
			name = Debug;
		};
		9B643E261F6978EA00E2E2BF /* Release */ = {
			isa = XCBuildConfiguration;
			buildSettings = {
				ALWAYS_SEARCH_USER_PATHS = NO;
				CLANG_ANALYZER_NONNULL = YES;
				CLANG_CXX_LANGUAGE_STANDARD = "gnu++0x";
				CLANG_CXX_LIBRARY = "libc++";
				CLANG_ENABLE_MODULES = YES;
				CLANG_ENABLE_OBJC_ARC = YES;
				CLANG_WARN_BOOL_CONVERSION = YES;
				CLANG_WARN_CONSTANT_CONVERSION = YES;
				CLANG_WARN_DIRECT_OBJC_ISA_USAGE = YES_ERROR;
				CLANG_WARN_DOCUMENTATION_COMMENTS = YES;
				CLANG_WARN_EMPTY_BODY = YES;
				CLANG_WARN_ENUM_CONVERSION = YES;
				CLANG_WARN_INFINITE_RECURSION = YES;
				CLANG_WARN_INT_CONVERSION = YES;
				CLANG_WARN_OBJC_ROOT_CLASS = YES_ERROR;
				CLANG_WARN_SUSPICIOUS_MOVE = YES;
				CLANG_WARN_UNREACHABLE_CODE = YES;
				CLANG_WARN__DUPLICATE_METHOD_MATCH = YES;
				"CODE_SIGN_IDENTITY[sdk=iphoneos*]" = "iPhone Developer";
				COPY_PHASE_STRIP = NO;
				DEBUG_INFORMATION_FORMAT = "dwarf-with-dsym";
				ENABLE_NS_ASSERTIONS = NO;
				ENABLE_STRICT_OBJC_MSGSEND = YES;
				GCC_C_LANGUAGE_STANDARD = gnu99;
				GCC_NO_COMMON_BLOCKS = YES;
				GCC_WARN_64_TO_32_BIT_CONVERSION = YES;
				GCC_WARN_ABOUT_RETURN_TYPE = YES_ERROR;
				GCC_WARN_UNDECLARED_SELECTOR = YES;
				GCC_WARN_UNINITIALIZED_AUTOS = YES_AGGRESSIVE;
				GCC_WARN_UNUSED_FUNCTION = YES;
				GCC_WARN_UNUSED_VARIABLE = YES;
				IPHONEOS_DEPLOYMENT_TARGET = 10.2;
				MTL_ENABLE_DEBUG_INFO = NO;
				SDKROOT = iphoneos;
				SWIFT_OPTIMIZATION_LEVEL = "-Owholemodule";
				TARGETED_DEVICE_FAMILY = 2;
				VALIDATE_PRODUCT = YES;
			};
			name = Release;
		};
		9B643E281F6978EA00E2E2BF /* Debug */ = {
			isa = XCBuildConfiguration;
			buildSettings = {
				ASSETCATALOG_COMPILER_APPICON_NAME = AppIcon;
				CLANG_ENABLE_MODULES = YES;
				INFOPLIST_FILE = jeu_memoire/Info.plist;
				LD_RUNPATH_SEARCH_PATHS = "$(inherited) @executable_path/Frameworks";
				PRODUCT_BUNDLE_IDENTIFIER = com.fabiose.jeumemoire;
				PRODUCT_NAME = "$(TARGET_NAME)";
				SWIFT_OPTIMIZATION_LEVEL = "-Onone";
				SWIFT_VERSION = 3.0;
			};
			name = Debug;
		};
		9B643E291F6978EA00E2E2BF /* Release */ = {
			isa = XCBuildConfiguration;
			buildSettings = {
				ASSETCATALOG_COMPILER_APPICON_NAME = AppIcon;
				CLANG_ENABLE_MODULES = YES;
				INFOPLIST_FILE = jeu_memoire/Info.plist;
				LD_RUNPATH_SEARCH_PATHS = "$(inherited) @executable_path/Frameworks";
				PRODUCT_BUNDLE_IDENTIFIER = com.fabiose.jeumemoire;
				PRODUCT_NAME = "$(TARGET_NAME)";
				SWIFT_VERSION = 3.0;
			};
			name = Release;
		};
/* End XCBuildConfiguration section */

/* Begin XCConfigurationList section */
		9B643E101F6978E900E2E2BF /* Build configuration list for PBXProject "jeu_memoire" */ = {
			isa = XCConfigurationList;
			buildConfigurations = (
				9B643E251F6978EA00E2E2BF /* Debug */,
				9B643E261F6978EA00E2E2BF /* Release */,
			);
			defaultConfigurationIsVisible = 0;
			defaultConfigurationName = Release;
		};
		9B643E271F6978EA00E2E2BF /* Build configuration list for PBXNativeTarget "jeu_memoire" */ = {
			isa = XCConfigurationList;
			buildConfigurations = (
				9B643E281F6978EA00E2E2BF /* Debug */,
				9B643E291F6978EA00E2E2BF /* Release */,
			);
			defaultConfigurationIsVisible = 0;
			defaultConfigurationName = Release;
		};
/* End XCConfigurationList section */
	};
	rootObject = 9B643E0D1F6978E900E2E2BF /* Project object */;
}
