// !$*UTF8*$!
{
	archiveVersion = 1;
	classes = {
	};
	objectVersion = 46;
	objects = {

/* Begin PBXBuildFile section */
		9B643E191F6978EA00E2E2BF /* AppDelegate.swift in Sources */ = {isa = PBXBuildFile; fileRef = 9B643E181F6978EA00E2E2BF /* AppDelegate.swift */; };
		9B643E1B1F6978EA00E2E2BF /* ViewController.swift in Sources */ = {isa = PBXBuildFile; fileRef = 9B643E1A1F6978EA00E2E2BF /* ViewController.swift */; };
		9B643E1E1F6978EA00E2E2BF /* Main.storyboard in Resources */ = {isa = PBXBuildFile; fileRef = 9B643E1C1F6978EA00E2E2BF /* Main.storyboard */; };
		9B643E201F6978EA00E2E2BF /* Assets.xcassets in Resources */ = {isa = PBXBuildFile; fileRef = 9B643E1F1F6978EA00E2E2BF /* Assets.xcassets */; };
		9B643E231F6978EA00E2E2BF /* LaunchScreen.storyboard in Resources */ = {isa = PBXBuildFile; fileRef = 9B643E211F6978EA00E2E2BF /* LaunchScreen.storyboard */; };
		9B643E9B1F6C008B00E2E2BF /* dog.png in Resources */ = {isa = PBXBuildFile; fileRef = 9B643E9A1F6C008B00E2E2BF /* dog.png */; };
		9B643E9D1F6C1D6600E2E2BF /* cat.png in Resources */ = {isa = PBXBuildFile; fileRef = 9B643E9C1F6C1D6600E2E2BF /* cat.png */; };
		9B643EBD1F6C219100E2E2BF /* rabbit.png in Resources */ = {isa = PBXBuildFile; fileRef = 9B643EBC1F6C219100E2E2BF /* rabbit.png */; };
		9B643EC41F6D672700E2E2BF /* back.png in Resources */ = {isa = PBXBuildFile; fileRef = 9B643EC31F6D672700E2E2BF /* back.png */; };
/* End PBXBuildFile section */

/* Begin PBXFileReference section */
		9B643E151F6978EA00E2E2BF /* jeu_memoire.app */ = {isa = PBXFileReference; explicitFileType = wrapper.application; includeInIndex = 0; path = jeu_memoire.app; sourceTree = BUILT_PRODUCTS_DIR; };
		9B643E181F6978EA00E2E2BF /* AppDelegate.swift */ = {isa = PBXFileReference; lastKnownFileType = sourcecode.swift; path = AppDelegate.swift; sourceTree = "<group>"; };
		9B643E1A1F6978EA00E2E2BF /* ViewController.swift */ = {isa = PBXFileReference; lastKnownFileType = sourcecode.swift; path = ViewController.swift; sourceTree = "<group>"; };
		9B643E1D1F6978EA00E2E2BF /* Base */ = {isa = PBXFileReference; lastKnownFileType = file.storyboard; name = Base; path = Base.lproj/Main.storyboard; sourceTree = "<group>"; };
		9B643E1F1F6978EA00E2E2BF /* Assets.xcassets */ = {isa = PBXFileReference; lastKnownFileType = folder.assetcatalog; path = Assets.xcassets; sourceTree = "<group>"; };
		9B643E221F6978EA00E2E2BF /* Base */ = {isa = PBXFileReference; lastKnownFileType = file.storyboard; name = Base; path = Base.lproj/LaunchScreen.storyboard; sourceTree = "<group>"; };
		9B643E241F6978EA00E2E2BF /* Info.plist */ = {isa = PBXFileReference; lastKnownFileType = text.plist.xml; path = Info.plist; sourceTree = "<group>"; };
		9B643E9A1F6C008B00E2E2BF /* dog.png */ = {isa = PBXFileReference; lastKnownFileType = image.png; name = dog.png; path = Assets.xcassets/assets/dog.png; sourceTree = "<group>"; };
		9B643E9C1F6C1D6600E2E2BF /* cat.png */ = {isa = PBXFileReference; lastKnownFileType = image.png; name = cat.png; path = Assets.xcassets/assets/cat.png; sourceTree = "<group>"; };
		9B643EBC1F6C219100E2E2BF /* rabbit.png */ = {isa = PBXFileReference; lastKnownFileType = image.png; name = rabbit.png; path = Assets.xcassets/assets/rabbit.png; sourceTree = "<group>"; };
		9B643EC31F6D672700E2E2BF /* back.png */ = {isa = PBXFileReference; lastKnownFileType = image.png; name = back.png; path = Assets.xcassets/assets/back.png; sourceTree = "<group>"; };
/* End PBXFileReference section */

/* Begin PBXFrameworksBuildPhase section */
		9B643E121F6978E900E2E2BF /* Frameworks */ = {
			isa = PBXFrameworksBuildPhase;
			buildActionMask = 2147483647;
			files = (
			);
			runOnlyForDeploymentPostprocessing = 0;
		};
/* End PBXFrameworksBuildPhase section */

/* Begin PBXGroup section */
		9B643E0C1F6978E900E2E2BF = {
			isa = PBXGroup;
			children = (
				9B643E171F6978EA00E2E2BF /* jeu_memoire */,
				9B643E161F6978EA00E2E2BF /* Products */,
			);
			sourceTree = "<group>";
		};
		9B643E161F6978EA00E2E2BF /* Products */ = {
			isa = PBXGroup;
			children = (
				9B643E151F6978EA00E2E2BF /* jeu_memoire.app */,
			);
			name = Products;
			sourceTree = "<group>";
		};
		9B643E171F6978EA00E2E2BF /* jeu_memoire */ = {
			isa = PBXGroup;
			children = (
				9B643E181F6978EA00E2E2BF /* AppDelegate.swift */,
				9B643E1A1F6978EA00E2E2BF /* ViewController.swift */,
				9B643E1C1F6978EA00E2E2BF /* Main.storyboard */,
				9B643E1F1F6978EA00E2E2BF /* Assets.xcassets */,
				9B643EC31F6D672700E2E2BF /* back.png */,
				9B643EBC1F6C219100E2E2BF /* rabbit.png */,
				9B643E9C1F6C1D6600E2E2BF /* cat.png */,
				9B643E9A1F6C008B00E2E2BF /* dog.png */,
				9B643E211F6978EA00E2E2BF /* LaunchScreen.storyboard */,
				9B643E241F6978EA00E2E2BF /* Info.plist */,
			);
			path = jeu_memoire;
			sourceTree = "<group>";
		};
/* End PBXGroup section */

/* Begin PBXNativeTarget section */
		9B643E141F6978E900E2E2BF /* jeu_memoire */ = {
			isa = PBXNativeTarget;
			buildConfigurationList = 9B643E271F6978EA00E2E2BF /* Build configuration list for PBXNativeTarget "jeu_memoire" */;
			buildPhases = (
				9B643E111F6978E900E2E2BF /* Sources */,
				9B643E121F6978E900E2E2BF /* Frameworks */,
				9B643E131F6978E900E2E2BF /* Resources */,
			);
			buildRules = (
			);
			dependencies = (
			);
			name = jeu_memoire;
			productName = jeu_memoire;
			productReference = 9B643E151F6978EA00E2E2BF /* jeu_memoire.app */;
			productType = "com.apple.product-type.application";
		};
/* End PBXNativeTarget section */

/* Begin PBXProject section */
		9B643E0D1F6978E900E2E2BF /* Project object */ = {
			isa = PBXProject;
			attributes = {
				LastSwiftUpdateCheck = 0820;
				LastUpgradeCheck = 0820;
				ORGANIZATIONNAME = eleves;
				TargetAttributes = {
					9B643E141F6978E900E2E2BF = {
						CreatedOnToolsVersion = 8.2;
						LastSwiftMigration = 0820;
						ProvisioningStyle = Automatic;
					};
				};
			};
			buildConfigurationList = 9B643E101F6978E900E2E2BF /* Build configuration list for PBXProject "jeu_memoire" */;
			compatibilityVersion = "Xcode 3.2";
			developmentRegion = English;
			hasScannedForEncodings = 0;
			knownRegions = (
				en,
				Base,
			);
			mainGroup = 9B643E0C1F6978E900E2E2BF;
			productRefGroup = 9B643E161F6978EA00E2E2BF /* Products */;
			projectDirPath = "";
			projectRoot = "";
			targets = (
				9B643E141F6978E900E2E2BF /* jeu_memoire */,
			);
		};
/* End PBXProject section */

/* Begin PBXResourcesBuildPhase section */
		9B643E131F6978E900E2E2BF /* Resources */ = {
			isa = PBXResourcesBuildPhase;
			buildActionMask = 2147483647;
			files = (
				9B643E9D1F6C1D6600E2E2BF /* cat.png in Resources */,
				9B643E9B1F6C008B00E2E2BF /* dog.png in Resources */,
				9B643E231F6978EA00E2E2BF /* LaunchScreen.storyboard in Resources */,
				9B643E201F6978EA00E2E2BF /* Assets.xcassets in Resources */,
				9B643EC41F6D672700E2E2BF /* back.png in Resources */,
				9B643E1E1F6978EA00E2E2BF /* Main.storyboard in Resources */,
				9B643EBD1F6C219100E2E2BF /* rabbit.png in Resources */,
			);
			runOnlyForDeploymentPostprocessing = 0;
		};
/* End PBXResourcesBuildPhase section */

/* Begin PBXSourcesBuildPhase section */
		9B643E111F6978E900E2E2BF /* Sources */ = {
			isa = PBXSourcesBuildPhase;
			buildActionMask = 2147483647;
			files = (
				9B643E1B1F6978EA00E2E2BF /* ViewController.swift in Sources */,
				9B643E191F6978EA00E2E2BF /* AppDelegate.swift in Sources */,
			);
			runOnlyForDeploymentPostprocessing = 0;
		};
/* End PBXSourcesBuildPhase section */

/* Begin PBXVariantGroup section */
		9B643E1C1F6978EA00E2E2BF /* Main.storyboard */ = {
			isa = PBXVariantGroup;
			children = (
				9B643E1D1F6978EA00E2E2BF /* Base */,
			);
			name = Main.storyboard;
			sourceTree = "<group>";
		};
		9B643E211F6978EA00E2E2BF /* LaunchScreen.storyboard */ = {
			isa = PBXVariantGroup;
			children = (
				9B643E221F6978EA00E2E2BF /* Base */,
			);
			name = LaunchScreen.storyboard;
			sourceTree = "<group>";
		};
/* End PBXVariantGroup section */

/* Begin XCBuildConfiguration section */
		9B643E251F6978EA00E2E2BF /* Debug */ = {
			isa = XCBuildConfiguration;
			buildSettings = {
				ALWAYS_SEARCH_USER_PATHS = NO;
				CLANG_ANALYZER_NONNULL = YES;
				CLANG_CXX_LANGUAGE_STANDARD = "gnu++0x";
				CLANG_CXX_LIBRARY = "libc++";
				CLANG_ENABLE_MODULES = YES;
				CLANG_ENABLE_OBJC_ARC = YES;
				CLANG_WARN_BOOL_CONVERSION = YES;
				CLANG_WARN_CONSTANT_CONVERSION = YES;
				CLANG_WARN_DIRECT_OBJC_ISA_USAGE = YES_ERROR;
				CLANG_WARN_DOCUMENTATION_COMMENTS = YES;
				CLANG_WARN_EMPTY_BODY = YES;
				CLANG_WARN_ENUM_CONVERSION = YES;
				CLANG_WARN_INFINITE_RECURSION = YES;
				CLANG_WARN_INT_CONVERSION = YES;
				CLANG_WARN_OBJC_ROOT_CLASS = YES_ERROR;
				CLANG_WARN_SUSPICIOUS_MOVE = YES;
				CLANG_WARN_UNREACHABLE_CODE = YES;
				CLANG_WARN__DUPLICATE_METHOD_MATCH = YES;
				"CODE_SIGN_IDENTITY[sdk=iphoneos*]" = "iPhone Developer";
				COPY_PHASE_STRIP = NO;
				DEBUG_INFORMATION_FORMAT = dwarf;
				ENABLE_STRICT_OBJC_MSGSEND = YES;
				ENABLE_TESTABILITY = YES;
				GCC_C_LANGUAGE_STANDARD = gnu99;
				GCC_DYNAMIC_NO_PIC = NO;
				GCC_NO_COMMON_BLOCKS = YES;
				GCC_OPTIMIZATION_LEVEL = 0;
				GCC_PREPROCESSOR_DEFINITIONS = (
					"DEBUG=1",
					"$(inherited)",
				);
				GCC_WARN_64_TO_32_BIT_CONVERSION = YES;
				GCC_WARN_ABOUT_RETURN_TYPE = YES_ERROR;
				GCC_WARN_UNDECLARED_SELECTOR = YES;
				GCC_WARN_UNINITIALIZED_AUTOS = YES_AGGRESSIVE;
				GCC_WARN_UNUSED_FUNCTION = YES;
				GCC_WARN_UNUSED_VARIABLE = YES;
				IPHONEOS_DEPLOYMENT_TARGET = 10.2;
				MTL_ENABLE_DEBUG_INFO = YES;
				ONLY_ACTIVE_ARCH = YES;
				SDKROOT = iphoneos;
				SWIFT_ACTIVE_COMPILATION_CONDITIONS = DEBUG;
				SWIFT_OPTIMIZATION_LEVEL = "-Onone";
				TARGETED_DEVICE_FAMILY = 2;
			};
			name = Debug;
		};
		9B643E261F6978EA00E2E2BF /* Release */ = {
			isa = XCBuildConfiguration;
			buildSettings = {
				ALWAYS_SEARCH_USER_PATHS = NO;
				CLANG_ANALYZER_NONNULL = YES;
				CLANG_CXX_LANGUAGE_STANDARD = "gnu++0x";
				CLANG_CXX_LIBRARY = "libc++";
				CLANG_ENABLE_MODULES = YES;
				CLANG_ENABLE_OBJC_ARC = YES;
				CLANG_WARN_BOOL_CONVERSION = YES;
				CLANG_WARN_CONSTANT_CONVERSION = YES;
				CLANG_WARN_DIRECT_OBJC_ISA_USAGE = YES_ERROR;
				CLANG_WARN_DOCUMENTATION_COMMENTS = YES;
				CLANG_WARN_EMPTY_BODY = YES;
				CLANG_WARN_ENUM_CONVERSION = YES;
				CLANG_WARN_INFINITE_RECURSION = YES;
				CLANG_WARN_INT_CONVERSION = YES;
				CLANG_WARN_OBJC_ROOT_CLASS = YES_ERROR;
				CLANG_WARN_SUSPICIOUS_MOVE = YES;
				CLANG_WARN_UNREACHABLE_CODE = YES;
				CLANG_WARN__DUPLICATE_METHOD_MATCH = YES;
				"CODE_SIGN_IDENTITY[sdk=iphoneos*]" = "iPhone Developer";
				COPY_PHASE_STRIP = NO;
				DEBUG_INFORMATION_FORMAT = "dwarf-with-dsym";
				ENABLE_NS_ASSERTIONS = NO;
				ENABLE_STRICT_OBJC_MSGSEND = YES;
				GCC_C_LANGUAGE_STANDARD = gnu99;
				GCC_NO_COMMON_BLOCKS = YES;
				GCC_WARN_64_TO_32_BIT_CONVERSION = YES;
				GCC_WARN_ABOUT_RETURN_TYPE = YES_ERROR;
				GCC_WARN_UNDECLARED_SELECTOR = YES;
				GCC_WARN_UNINITIALIZED_AUTOS = YES_AGGRESSIVE;
				GCC_WARN_UNUSED_FUNCTION = YES;
				GCC_WARN_UNUSED_VARIABLE = YES;
				IPHONEOS_DEPLOYMENT_TARGET = 10.2;
				MTL_ENABLE_DEBUG_INFO = NO;
				SDKROOT = iphoneos;
				SWIFT_OPTIMIZATION_LEVEL = "-Owholemodule";
				TARGETED_DEVICE_FAMILY = 2;
				VALIDATE_PRODUCT = YES;
			};
			name = Release;
		};
		9B643E281F6978EA00E2E2BF /* Debug */ = {
			isa = XCBuildConfiguration;
			buildSettings = {
				ASSETCATALOG_COMPILER_APPICON_NAME = AppIcon;
				CLANG_ENABLE_MODULES = YES;
				INFOPLIST_FILE = jeu_memoire/Info.plist;
				LD_RUNPATH_SEARCH_PATHS = "$(inherited) @executable_path/Frameworks";
				PRODUCT_BUNDLE_IDENTIFIER = com.fabiose.jeumemoire;
				PRODUCT_NAME = "$(TARGET_NAME)";
				SWIFT_OPTIMIZATION_LEVEL = "-Onone";
				SWIFT_VERSION = 3.0;
			};
			name = Debug;
		};
		9B643E291F6978EA00E2E2BF /* Release */ = {
			isa = XCBuildConfiguration;
			buildSettings = {
				ASSETCATALOG_COMPILER_APPICON_NAME = AppIcon;
				CLANG_ENABLE_MODULES = YES;
				INFOPLIST_FILE = jeu_memoire/Info.plist;
				LD_RUNPATH_SEARCH_PATHS = "$(inherited) @executable_path/Frameworks";
				PRODUCT_BUNDLE_IDENTIFIER = com.fabiose.jeumemoire;
				PRODUCT_NAME = "$(TARGET_NAME)";
				SWIFT_VERSION = 3.0;
			};
			name = Release;
		};
/* End XCBuildConfiguration section */

/* Begin XCConfigurationList section */
		9B643E101F6978E900E2E2BF /* Build configuration list for PBXProject "jeu_memoire" */ = {
			isa = XCConfigurationList;
			buildConfigurations = (
				9B643E251F6978EA00E2E2BF /* Debug */,
				9B643E261F6978EA00E2E2BF /* Release */,
			);
			defaultConfigurationIsVisible = 0;
			defaultConfigurationName = Release;
		};
		9B643E271F6978EA00E2E2BF /* Build configuration list for PBXNativeTarget "jeu_memoire" */ = {
			isa = XCConfigurationList;
			buildConfigurations = (
				9B643E281F6978EA00E2E2BF /* Debug */,
				9B643E291F6978EA00E2E2BF /* Release */,
			);
			defaultConfigurationIsVisible = 0;
			defaultConfigurationName = Release;
		};
/* End XCConfigurationList section */
	};
	rootObject = 9B643E0D1F6978E900E2E2BF /* Project object */;
}
